{
  "name": "manifest-gen",
  "version": "0.0.0",
  "lockfileVersion": 3,
  "requires": true,
  "packages": {
    "": {
      "name": "manifest-gen",
      "version": "0.0.0",
      "dependencies": {
        "@mdn/browser-compat-data": "^8.0.6",
        "@webref/elements": "^2.7.1",
        "aria-query": "^5.3.2"
      }
    },
    "node_modules/@mdn/browser-compat-data": {
      "version": "8.0.6",
      "resolved": "https://registry.npmjs.org/@mdn/browser-compat-data/-/browser-compat-data-8.0.6.tgz",
      "integrity": "sha512-MSn1Xz9EQyV7A/6Rx8HFCxUFKbcU7VSfo9lcxzd32658YTy0U42NBf3CRiXiSBmTFVB8quj1FrhRfnXmf2JLOQ==",
      "license": "CC0-1.0"
    },
    "node_modules/@webref/elements": {
      "version": "2.7.1",
      "resolved": "https://registry.npmjs.org/@webref/elements/-/elements-2.7.1.tgz",
      "integrity": "sha512-ke5VQWxr7vGket8tObjgNrmQ/+BO7MY1XL9gb0auPnHRzW7EN1Xpv5O237glCd4HWRrro05fBpBFXTPHlb24pw==",
      "license": "MIT"
    },
    "node_modules/aria-query": {
      "version": "5.3.2",
      "resolved": "https://registry.npmjs.org/aria-query/-/aria-query-5.3.2.tgz",
      "integrity": "sha512-COROpnaoap1E2F000S62r6A60uHZnmlvomhfyT2DlTcrY1OrBKn2UhH7qn5wTC9zMvD0AY7csdPSNwKP+7WiQw==",
      "license": "Apache-2.0",
      "engines": {
        "node": ">= 0.4"
      }
    }
  }
}
